
Microsoft Visual Studio Solution File, Format Version 12.00
# Visual Studio 15
VisualStudioVersion = 15.0.28307.1082
MinimumVisualStudioVersion = 10.0.40219.1
Project("{FAE04EC0-301F-11D3-BF4B-00C04F79EFBC}") = "UI", "UI\UI.csproj", "{0AC1E764-671D-4E7A-ABC2-B4B1D2E92CF3}"
EndProject
Project("{FAE04EC0-301F-11D3-BF4B-00C04F79EFBC}") = "BusinessLogic", "BusinessLogic\BusinessLogic.csproj", "{137DF73D-C06B-4F81-A4A9-414FDB057D79}"
EndProject
Global
	GlobalSection(SolutionConfigurationPlatforms) = preSolution
		Debug|Any CPU = Debug|Any CPU
		Release|Any CPU = Release|Any CPU
	EndGlobalSection
	GlobalSection(ProjectConfigurationPlatforms) = postSolution
		{0AC1E764-671D-4E7A-ABC2-B4B1D2E92CF3}.Debug|Any CPU.ActiveCfg = Debug|Any CPU
		{0AC1E764-671D-4E7A-ABC2-B4B1D2E92CF3}.Debug|Any CPU.Build.0 = Debug|Any CPU
		{0AC1E764-671D-4E7A-ABC2-B4B1D2E92CF3}.Release|Any CPU.ActiveCfg = Release|Any CPU
		{0AC1E764-671D-4E7A-ABC2-B4B1D2E92CF3}.Release|Any CPU.Build.0 = Release|Any CPU
		{137DF73D-C06B-4F81-A4A9-414FDB057D79}.Debug|Any CPU.ActiveCfg = Debug|Any CPU
		{137DF73D-C06B-4F81-A4A9-414FDB057D79}.Debug|Any CPU.Build.0 = Debug|Any CPU
		{137DF73D-C06B-4F81-A4A9-414FDB057D79}.Release|Any CPU.ActiveCfg = Release|Any CPU
		{137DF73D-C06B-4F81-A4A9-414FDB057D79}.Release|Any CPU.Build.0 = Release|Any CPU
	EndGlobalSection
	GlobalSection(SolutionProperties) = preSolution
		HideSolutionNode = FALSE
	EndGlobalSection
	GlobalSection(ExtensibilityGlobals) = postSolution
		SolutionGuid = {8F2F21CB-8433-4395-BA67-57F1AE53BC2E}
	EndGlobalSection
EndGlobal
